
Microsoft Visual Studio Solution File, Format Version 12.00
# Visual Studio 15
VisualStudioVersion = 15.0.28307.329
MinimumVisualStudioVersion = 10.0.40219.1
Project("{FAE04EC0-301F-11D3-BF4B-00C04F79EFBC}") = "TSB100_lab", "TSB100_lab\TSB100_lab.csproj", "{CEB005FD-462F-424E-8A2A-581AB70F54B2}"
EndProject
Global
	GlobalSection(SolutionConfigurationPlatforms) = preSolution
		Debug|Any CPU = Debug|Any CPU
		Release|Any CPU = Release|Any CPU
	EndGlobalSection
	GlobalSection(ProjectConfigurationPlatforms) = postSolution
		{CEB005FD-462F-424E-8A2A-581AB70F54B2}.Debug|Any CPU.ActiveCfg = Debug|Any CPU
		{CEB005FD-462F-424E-8A2A-581AB70F54B2}.Debug|Any CPU.Build.0 = Debug|Any CPU
		{CEB005FD-462F-424E-8A2A-581AB70F54B2}.Release|Any CPU.ActiveCfg = Release|Any CPU
		{CEB005FD-462F-424E-8A2A-581AB70F54B2}.Release|Any CPU.Build.0 = Release|Any CPU
	EndGlobalSection
	GlobalSection(SolutionProperties) = preSolution
		HideSolutionNode = FALSE
	EndGlobalSection
	GlobalSection(ExtensibilityGlobals) = postSolution
		SolutionGuid = {A374DD23-93F7-4A31-AD6D-167E11DD5B7D}
	EndGlobalSection
EndGlobal
